
Microsoft Visual Studio Solution File, Format Version 12.00
# Visual Studio Version 16
VisualStudioVersion = 16.0.29728.190
MinimumVisualStudioVersion = 10.0.40219.1
Project("{9A19103F-16F7-4668-BE54-9A1E7A4F7556}") = "Testing_Lab_5", "Testing_Lab_5\Testing_Lab_5.csproj", "{08466E02-32D2-43A2-BB80-333BD6F26732}"
EndProject
Project("{9A19103F-16F7-4668-BE54-9A1E7A4F7556}") = "Testing_Lab_5.Tests", "Testing_Lab_5.Tests\Testing_Lab_5.Tests.csproj", "{5499D7BC-A51F-470B-B286-1DBB3A9FD7CD}"
EndProject
Global
	GlobalSection(SolutionConfigurationPlatforms) = preSolution
		Debug|Any CPU = Debug|Any CPU
		Release|Any CPU = Release|Any CPU
	EndGlobalSection
	GlobalSection(ProjectConfigurationPlatforms) = postSolution
		{08466E02-32D2-43A2-BB80-333BD6F26732}.Debug|Any CPU.ActiveCfg = Debug|Any CPU
		{08466E02-32D2-43A2-BB80-333BD6F26732}.Debug|Any CPU.Build.0 = Debug|Any CPU
		{08466E02-32D2-43A2-BB80-333BD6F26732}.Release|Any CPU.ActiveCfg = Release|Any CPU
		{08466E02-32D2-43A2-BB80-333BD6F26732}.Release|Any CPU.Build.0 = Release|Any CPU
		{5499D7BC-A51F-470B-B286-1DBB3A9FD7CD}.Debug|Any CPU.ActiveCfg = Debug|Any CPU
		{5499D7BC-A51F-470B-B286-1DBB3A9FD7CD}.Debug|Any CPU.Build.0 = Debug|Any CPU
		{5499D7BC-A51F-470B-B286-1DBB3A9FD7CD}.Release|Any CPU.ActiveCfg = Release|Any CPU
		{5499D7BC-A51F-470B-B286-1DBB3A9FD7CD}.Release|Any CPU.Build.0 = Release|Any CPU
	EndGlobalSection
	GlobalSection(SolutionProperties) = preSolution
		HideSolutionNode = FALSE
	EndGlobalSection
	GlobalSection(ExtensibilityGlobals) = postSolution
		SolutionGuid = {BCECC80B-01F1-425F-A199-9B99557410E3}
	EndGlobalSection
EndGlobal
