{
  "name": "Lb2_1",
  "version": "1.0.0",
  "lockfileVersion": 1,
  "requires": true,
  "dependencies": {
    "jquery": {
      "version": "3.4.1",
      "resolved": "https://registry.npmjs.org/jquery/-/jquery-3.4.1.tgz",
      "integrity": "sha512-36+AdBzCL+y6qjw5Tx7HgzeGCzC81MDDgaUP8ld2zhx58HdqXGoBd+tHdrBMiyjGQs0Hxs/MLZTu/eHNJJuWPw=="
    },
    "twbs-pagination": {
      "version": "1.4.1",
      "resolved": "https://registry.npmjs.org/twbs-pagination/-/twbs-pagination-1.4.1.tgz",
      "integrity": "sha1-8X6221QP4FG8h4Zlqk3GKO5PyBw=",
      "requires": {
        "jquery": ">=1.7"
      }
    }
  }
}
