
Microsoft Visual Studio Solution File, Format Version 12.00
# Visual Studio Version 16
VisualStudioVersion = 16.0.29728.190
MinimumVisualStudioVersion = 10.0.40219.1
Project("{FAE04EC0-301F-11D3-BF4B-00C04F79EFBC}") = "Testing_Lab_4", "Testing_Lab_4\Testing_Lab_4.csproj", "{0FAA7650-28BF-4CEB-868B-2BA9D505099E}"
EndProject
Global
	GlobalSection(SolutionConfigurationPlatforms) = preSolution
		Debug|Any CPU = Debug|Any CPU
		Release|Any CPU = Release|Any CPU
	EndGlobalSection
	GlobalSection(ProjectConfigurationPlatforms) = postSolution
		{0FAA7650-28BF-4CEB-868B-2BA9D505099E}.Debug|Any CPU.ActiveCfg = Debug|Any CPU
		{0FAA7650-28BF-4CEB-868B-2BA9D505099E}.Debug|Any CPU.Build.0 = Debug|Any CPU
		{0FAA7650-28BF-4CEB-868B-2BA9D505099E}.Release|Any CPU.ActiveCfg = Release|Any CPU
		{0FAA7650-28BF-4CEB-868B-2BA9D505099E}.Release|Any CPU.Build.0 = Release|Any CPU
	EndGlobalSection
	GlobalSection(SolutionProperties) = preSolution
		HideSolutionNode = FALSE
	EndGlobalSection
	GlobalSection(ExtensibilityGlobals) = postSolution
		SolutionGuid = {F89B937A-643C-4525-A39A-5AD61C569BDE}
	EndGlobalSection
EndGlobal
