
Microsoft Visual Studio Solution File, Format Version 12.00
# Visual Studio Version 16
VisualStudioVersion = 16.0.29728.190
MinimumVisualStudioVersion = 10.0.40219.1
Project("{FAE04EC0-301F-11D3-BF4B-00C04F79EFBC}") = "Testing_Kurs", "Testing_Kurs\Testing_Kurs.csproj", "{B20EC588-F1CB-4A27-8FDD-97AD752BD277}"
EndProject
Global
	GlobalSection(SolutionConfigurationPlatforms) = preSolution
		Debug|Any CPU = Debug|Any CPU
		Release|Any CPU = Release|Any CPU
	EndGlobalSection
	GlobalSection(ProjectConfigurationPlatforms) = postSolution
		{B20EC588-F1CB-4A27-8FDD-97AD752BD277}.Debug|Any CPU.ActiveCfg = Debug|Any CPU
		{B20EC588-F1CB-4A27-8FDD-97AD752BD277}.Debug|Any CPU.Build.0 = Debug|Any CPU
		{B20EC588-F1CB-4A27-8FDD-97AD752BD277}.Release|Any CPU.ActiveCfg = Release|Any CPU
		{B20EC588-F1CB-4A27-8FDD-97AD752BD277}.Release|Any CPU.Build.0 = Release|Any CPU
	EndGlobalSection
	GlobalSection(SolutionProperties) = preSolution
		HideSolutionNode = FALSE
	EndGlobalSection
	GlobalSection(ExtensibilityGlobals) = postSolution
		SolutionGuid = {8FF98473-D0DA-4D79-A70D-77B829F24709}
	EndGlobalSection
EndGlobal
