
Microsoft Visual Studio Solution File, Format Version 12.00
# Visual Studio Version 16
VisualStudioVersion = 16.0.29926.136
MinimumVisualStudioVersion = 10.0.40219.1
Project("{FAE04EC0-301F-11D3-BF4B-00C04F79EFBC}") = "MK_Lab_7-8", "MK_Lab_7-8\MK_Lab_7-8.csproj", "{5FB347C0-FD56-4EDA-B56E-D43DA3FAD411}"
EndProject
Global
	GlobalSection(SolutionConfigurationPlatforms) = preSolution
		Debug|Any CPU = Debug|Any CPU
		Release|Any CPU = Release|Any CPU
	EndGlobalSection
	GlobalSection(ProjectConfigurationPlatforms) = postSolution
		{5FB347C0-FD56-4EDA-B56E-D43DA3FAD411}.Debug|Any CPU.ActiveCfg = Debug|Any CPU
		{5FB347C0-FD56-4EDA-B56E-D43DA3FAD411}.Debug|Any CPU.Build.0 = Debug|Any CPU
		{5FB347C0-FD56-4EDA-B56E-D43DA3FAD411}.Release|Any CPU.ActiveCfg = Release|Any CPU
		{5FB347C0-FD56-4EDA-B56E-D43DA3FAD411}.Release|Any CPU.Build.0 = Release|Any CPU
	EndGlobalSection
	GlobalSection(SolutionProperties) = preSolution
		HideSolutionNode = FALSE
	EndGlobalSection
	GlobalSection(ExtensibilityGlobals) = postSolution
		SolutionGuid = {F242C8F5-D521-44AB-8AEF-AC328E387D33}
	EndGlobalSection
EndGlobal
